Microsoft Visual Studio Solution File, Format Version 9.00
# Visual Studio 2005
Project("{FAE04EC0-301F-11D3-BF4B-00C04F79EFBC}") = "HowToSetMaskForCustomWinPropertyEdtior.Module", "HowToSetMaskForCustomWinPropertyEdtior.Module\HowToSetMaskForCustomWinPropertyEdtior.Module.csproj", "{A971280D-823C-4B01-B0AE-DCA6E15DF03B}"
	ProjectSection(WebsiteProperties) = preProject
		Debug.AspNetCompiler.Debug = "True"
		Release.AspNetCompiler.Debug = "False"
	EndProjectSection
EndProject
Project("{FAE04EC0-301F-11D3-BF4B-00C04F79EFBC}") = "HowToSetMaskForCustomWinPropertyEdtior.Module.Win", "HowToSetMaskForCustomWinPropertyEdtior.Module.Win\HowToSetMaskForCustomWinPropertyEdtior.Module.Win.csproj", "{CC9E717B-3759-45AF-B526-F8C816A9D474}"
	ProjectSection(WebsiteProperties) = preProject
		Debug.AspNetCompiler.Debug = "True"
		Release.AspNetCompiler.Debug = "False"
	EndProjectSection
EndProject
Project("{FAE04EC0-301F-11D3-BF4B-00C04F79EFBC}") = "HowToSetMaskForCustomWinPropertyEdtior.Win", "HowToSetMaskForCustomWinPropertyEdtior.Win\HowToSetMaskForCustomWinPropertyEdtior.Win.csproj", "{584105DE-96EF-48A6-B712-BF11AA0E5580}"
	ProjectSection(WebsiteProperties) = preProject
		Debug.AspNetCompiler.Debug = "True"
		Release.AspNetCompiler.Debug = "False"
	EndProjectSection
EndProject
Global
	GlobalSection(SolutionConfigurationPlatforms) = preSolution
		Debug|Any CPU = Debug|Any CPU
		Release|Any CPU = Release|Any CPU
	EndGlobalSection
	GlobalSection(ProjectConfigurationPlatforms) = postSolution
		{A971280D-823C-4B01-B0AE-DCA6E15DF03B}.Debug|Any CPU.ActiveCfg = Debug|Any CPU
		{A971280D-823C-4B01-B0AE-DCA6E15DF03B}.Debug|Any CPU.Build.0 = Debug|Any CPU
		{A971280D-823C-4B01-B0AE-DCA6E15DF03B}.Release|Any CPU.ActiveCfg = Release|Any CPU
		{A971280D-823C-4B01-B0AE-DCA6E15DF03B}.Release|Any CPU.Build.0 = Release|Any CPU
		{CC9E717B-3759-45AF-B526-F8C816A9D474}.Debug|Any CPU.ActiveCfg = Debug|Any CPU
		{CC9E717B-3759-45AF-B526-F8C816A9D474}.Debug|Any CPU.Build.0 = Debug|Any CPU
		{CC9E717B-3759-45AF-B526-F8C816A9D474}.Release|Any CPU.ActiveCfg = Release|Any CPU
		{CC9E717B-3759-45AF-B526-F8C816A9D474}.Release|Any CPU.Build.0 = Release|Any CPU
		{584105DE-96EF-48A6-B712-BF11AA0E5580}.Debug|Any CPU.ActiveCfg = Debug|Any CPU
		{584105DE-96EF-48A6-B712-BF11AA0E5580}.Debug|Any CPU.Build.0 = Debug|Any CPU
		{584105DE-96EF-48A6-B712-BF11AA0E5580}.Release|Any CPU.ActiveCfg = Release|Any CPU
		{584105DE-96EF-48A6-B712-BF11AA0E5580}.Release|Any CPU.Build.0 = Release|Any CPU
	EndGlobalSection
	GlobalSection(SolutionProperties) = preSolution
		HideSolutionNode = FALSE
	EndGlobalSection
EndGlobal
